
Microsoft Visual Studio Solution File, Format Version 12.00
# Visual Studio Version 17
VisualStudioVersion = 17.5.002.0
MinimumVisualStudioVersion = 10.0.40219.1
Project("{9A19103F-16F7-4668-BE54-9A1E7A4F7556}") = "Projeto_Web-Lh_Pets_Versão 1", "Projeto_Web-Lh_Pets_Versão 1.csproj", "{04DF1BE2-7416-4DA4-AD53-0634B9FA570B}"
EndProject
Global
	GlobalSection(SolutionConfigurationPlatforms) = preSolution
		Debug|Any CPU = Debug|Any CPU
		Release|Any CPU = Release|Any CPU
	EndGlobalSection
	GlobalSection(ProjectConfigurationPlatforms) = postSolution
		{04DF1BE2-7416-4DA4-AD53-0634B9FA570B}.Debug|Any CPU.ActiveCfg = Debug|Any CPU
		{04DF1BE2-7416-4DA4-AD53-0634B9FA570B}.Debug|Any CPU.Build.0 = Debug|Any CPU
		{04DF1BE2-7416-4DA4-AD53-0634B9FA570B}.Release|Any CPU.ActiveCfg = Release|Any CPU
		{04DF1BE2-7416-4DA4-AD53-0634B9FA570B}.Release|Any CPU.Build.0 = Release|Any CPU
	EndGlobalSection
	GlobalSection(SolutionProperties) = preSolution
		HideSolutionNode = FALSE
	EndGlobalSection
	GlobalSection(ExtensibilityGlobals) = postSolution
		SolutionGuid = {A3A6284E-5A64-4532-8767-7F0E958FF603}
	EndGlobalSection
EndGlobal
